// !$*UTF8*$!
{
	archiveVersion = 1;
	classes = {
	};
	objectVersion = 46;
	objects = {

/* Begin PBXFileReference section */
		9B3934C21C06FF03007C9C19 /* libtsukuyomi.a */ = {isa = PBXFileReference; explicitFileType = archive.ar; includeInIndex = 0; path = libtsukuyomi.a; sourceTree = BUILT_PRODUCTS_DIR; };
		9B3934CD1C081854007C9C19 /* include */ = {isa = PBXFileReference; lastKnownFileType = folder; name = include; path = ../../include; sourceTree = "<group>"; };
		9B3934D41C08191C007C9C19 /* LICENSE */ = {isa = PBXFileReference; lastKnownFileType = text; name = LICENSE; path = ../../LICENSE; sourceTree = "<group>"; };
		9B3934D51C08191C007C9C19 /* README.md */ = {isa = PBXFileReference; lastKnownFileType = net.daringfireball.markdown; name = README.md; path = ../../README.md; sourceTree = "<group>"; };
/* End PBXFileReference section */

/* Begin PBXFrameworksBuildPhase section */
		9B3934BF1C06FF03007C9C19 /* Frameworks */ = {
			isa = PBXFrameworksBuildPhase;
			buildActionMask = 2147483647;
			files = (
			);
			runOnlyForDeploymentPostprocessing = 0;
		};
/* End PBXFrameworksBuildPhase section */

/* Begin PBXGroup section */
		9B3934B91C06FF03007C9C19 = {
			isa = PBXGroup;
			children = (
				9B3934CD1C081854007C9C19 /* include */,
				9B3934D01C081909007C9C19 /* src */,
				9B3934D21C081909007C9C19 /* vendor */,
				9B3934C31C06FF03007C9C19 /* Products */,
				9B3934D41C08191C007C9C19 /* LICENSE */,
				9B3934D51C08191C007C9C19 /* README.md */,
			);
			sourceTree = "<group>";
		};
		9B3934C31C06FF03007C9C19 /* Products */ = {
			isa = PBXGroup;
			children = (
				9B3934C21C06FF03007C9C19 /* libtsukuyomi.a */,
			);
			name = Products;
			sourceTree = "<group>";
		};
		9B3934D01C081909007C9C19 /* src */ = {
			isa = PBXGroup;
			children = (
			);
			name = src;
			path = ../../src;
			sourceTree = "<group>";
		};
		9B3934D21C081909007C9C19 /* vendor */ = {
			isa = PBXGroup;
			children = (
			);
			name = vendor;
			path = ../../vendor;
			sourceTree = "<group>";
		};
/* End PBXGroup section */

/* Begin PBXHeadersBuildPhase section */
		9B3934C01C06FF03007C9C19 /* Headers */ = {
			isa = PBXHeadersBuildPhase;
			buildActionMask = 2147483647;
			files = (
			);
			runOnlyForDeploymentPostprocessing = 0;
		};
/* End PBXHeadersBuildPhase section */

/* Begin PBXNativeTarget section */
		9B3934C11C06FF03007C9C19 /* tsukuyomi */ = {
			isa = PBXNativeTarget;
			buildConfigurationList = 9B3934C61C06FF03007C9C19 /* Build configuration list for PBXNativeTarget "tsukuyomi" */;
			buildPhases = (
				9B3934BE1C06FF03007C9C19 /* Sources */,
				9B3934BF1C06FF03007C9C19 /* Frameworks */,
				9B3934C01C06FF03007C9C19 /* Headers */,
			);
			buildRules = (
			);
			dependencies = (
			);
			name = tsukuyomi;
			productName = tsukuyomi;
			productReference = 9B3934C21C06FF03007C9C19 /* libtsukuyomi.a */;
			productType = "com.apple.product-type.library.static";
		};
/* End PBXNativeTarget section */

/* Begin PBXProject section */
		9B3934BA1C06FF03007C9C19 /* Project object */ = {
			isa = PBXProject;
			attributes = {
				LastUpgradeCheck = 0710;
				ORGANIZATIONNAME = "Hiroki YAGITA";
				TargetAttributes = {
					9B3934C11C06FF03007C9C19 = {
						CreatedOnToolsVersion = 7.1.1;
					};
				};
			};
			buildConfigurationList = 9B3934BD1C06FF03007C9C19 /* Build configuration list for PBXProject "tsukuyomi" */;
			compatibilityVersion = "Xcode 3.2";
			developmentRegion = English;
			hasScannedForEncodings = 0;
			knownRegions = (
				en,
			);
			mainGroup = 9B3934B91C06FF03007C9C19;
			productRefGroup = 9B3934C31C06FF03007C9C19 /* Products */;
			projectDirPath = "";
			projectRoot = "";
			targets = (
				9B3934C11C06FF03007C9C19 /* tsukuyomi */,
			);
		};
/* End PBXProject section */

/* Begin PBXSourcesBuildPhase section */
		9B3934BE1C06FF03007C9C19 /* Sources */ = {
			isa = PBXSourcesBuildPhase;
			buildActionMask = 2147483647;
			files = (
			);
			runOnlyForDeploymentPostprocessing = 0;
		};
/* End PBXSourcesBuildPhase section */

/* Begin XCBuildConfiguration section */
		9B3934C41C06FF03007C9C19 /* Debug */ = {
			isa = XCBuildConfiguration;
			buildSettings = {
				ALWAYS_SEARCH_USER_PATHS = NO;
				CLANG_CXX_LANGUAGE_STANDARD = "gnu++0x";
				CLANG_CXX_LIBRARY = "libc++";
				CLANG_ENABLE_MODULES = YES;
				CLANG_ENABLE_OBJC_ARC = YES;
				CLANG_WARN_BOOL_CONVERSION = YES;
				CLANG_WARN_CONSTANT_CONVERSION = YES;
				CLANG_WARN_DIRECT_OBJC_ISA_USAGE = YES_ERROR;
				CLANG_WARN_EMPTY_BODY = YES;
				CLANG_WARN_ENUM_CONVERSION = YES;
				CLANG_WARN_INT_CONVERSION = YES;
				CLANG_WARN_OBJC_ROOT_CLASS = YES_ERROR;
				CLANG_WARN_UNREACHABLE_CODE = YES;
				CLANG_WARN__DUPLICATE_METHOD_MATCH = YES;
				CODE_SIGN_IDENTITY = "-";
				COPY_PHASE_STRIP = NO;
				DEBUG_INFORMATION_FORMAT = dwarf;
				ENABLE_STRICT_OBJC_MSGSEND = YES;
				ENABLE_TESTABILITY = YES;
				GCC_C_LANGUAGE_STANDARD = gnu99;
				GCC_DYNAMIC_NO_PIC = NO;
				GCC_NO_COMMON_BLOCKS = YES;
				GCC_OPTIMIZATION_LEVEL = 0;
				GCC_PREPROCESSOR_DEFINITIONS = (
					"DEBUG=1",
					"$(inherited)",
				);
				GCC_WARN_64_TO_32_BIT_CONVERSION = YES;
				GCC_WARN_ABOUT_RETURN_TYPE = YES_ERROR;
				GCC_WARN_UNDECLARED_SELECTOR = YES;
				GCC_WARN_UNINITIALIZED_AUTOS = YES_AGGRESSIVE;
				GCC_WARN_UNUSED_FUNCTION = YES;
				GCC_WARN_UNUSED_VARIABLE = YES;
				MACOSX_DEPLOYMENT_TARGET = 10.10;
				MTL_ENABLE_DEBUG_INFO = YES;
				ONLY_ACTIVE_ARCH = YES;
				SDKROOT = macosx;
			};
			name = Debug;
		};
		9B3934C51C06FF03007C9C19 /* Release */ = {
			isa = XCBuildConfiguration;
			buildSettings = {
				ALWAYS_SEARCH_USER_PATHS = NO;
				CLANG_CXX_LANGUAGE_STANDARD = "gnu++0x";
				CLANG_CXX_LIBRARY = "libc++";
				CLANG_ENABLE_MODULES = YES;
				CLANG_ENABLE_OBJC_ARC = YES;
				CLANG_WARN_BOOL_CONVERSION = YES;
				CLANG_WARN_CONSTANT_CONVERSION = YES;
				CLANG_WARN_DIRECT_OBJC_ISA_USAGE = YES_ERROR;
				CLANG_WARN_EMPTY_BODY = YES;
				CLANG_WARN_ENUM_CONVERSION = YES;
				CLANG_WARN_INT_CONVERSION = YES;
				CLANG_WARN_OBJC_ROOT_CLASS = YES_ERROR;
				CLANG_WARN_UNREACHABLE_CODE = YES;
				CLANG_WARN__DUPLICATE_METHOD_MATCH = YES;
				CODE_SIGN_IDENTITY = "-";
				COPY_PHASE_STRIP = NO;
				DEBUG_INFORMATION_FORMAT = "dwarf-with-dsym";
				ENABLE_NS_ASSERTIONS = NO;
				ENABLE_STRICT_OBJC_MSGSEND = YES;
				GCC_C_LANGUAGE_STANDARD = gnu99;
				GCC_NO_COMMON_BLOCKS = YES;
				GCC_WARN_64_TO_32_BIT_CONVERSION = YES;
				GCC_WARN_ABOUT_RETURN_TYPE = YES_ERROR;
				GCC_WARN_UNDECLARED_SELECTOR = YES;
				GCC_WARN_UNINITIALIZED_AUTOS = YES_AGGRESSIVE;
				GCC_WARN_UNUSED_FUNCTION = YES;
				GCC_WARN_UNUSED_VARIABLE = YES;
				MACOSX_DEPLOYMENT_TARGET = 10.10;
				MTL_ENABLE_DEBUG_INFO = NO;
				SDKROOT = macosx;
			};
			name = Release;
		};
		9B3934C71C06FF03007C9C19 /* Debug */ = {
			isa = XCBuildConfiguration;
			buildSettings = {
				EXECUTABLE_PREFIX = lib;
				PRODUCT_NAME = "$(TARGET_NAME)";
			};
			name = Debug;
		};
		9B3934C81C06FF03007C9C19 /* Release */ = {
			isa = XCBuildConfiguration;
			buildSettings = {
				EXECUTABLE_PREFIX = lib;
				PRODUCT_NAME = "$(TARGET_NAME)";
			};
			name = Release;
		};
/* End XCBuildConfiguration section */

/* Begin XCConfigurationList section */
		9B3934BD1C06FF03007C9C19 /* Build configuration list for PBXProject "tsukuyomi" */ = {
			isa = XCConfigurationList;
			buildConfigurations = (
				9B3934C41C06FF03007C9C19 /* Debug */,
				9B3934C51C06FF03007C9C19 /* Release */,
			);
			defaultConfigurationIsVisible = 0;
			defaultConfigurationName = Release;
		};
		9B3934C61C06FF03007C9C19 /* Build configuration list for PBXNativeTarget "tsukuyomi" */ = {
			isa = XCConfigurationList;
			buildConfigurations = (
				9B3934C71C06FF03007C9C19 /* Debug */,
				9B3934C81C06FF03007C9C19 /* Release */,
			);
			defaultConfigurationIsVisible = 0;
			defaultConfigurationName = Release;
		};
/* End XCConfigurationList section */
	};
	rootObject = 9B3934BA1C06FF03007C9C19 /* Project object */;
}
